// !$*UTF8*$!
{
	archiveVersion = 1;
	classes = {
	};
	objectVersion = 46;
	objects = {

/* Begin PBXBuildFile section */
		833D5D7D19FF67E300F16199 /* AppDelegate.swift in Sources */ = {isa = PBXBuildFile; fileRef = 833D5D7C19FF67E300F16199 /* AppDelegate.swift */; };
		833D5D7F19FF67E300F16199 /* ViewController.swift in Sources */ = {isa = PBXBuildFile; fileRef = 833D5D7E19FF67E300F16199 /* ViewController.swift */; };
		833D5D8219FF67E300F16199 /* Main.storyboard in Resources */ = {isa = PBXBuildFile; fileRef = 833D5D8019FF67E300F16199 /* Main.storyboard */; };
		833D5D8419FF67E300F16199 /* Images.xcassets in Resources */ = {isa = PBXBuildFile; fileRef = 833D5D8319FF67E300F16199 /* Images.xcassets */; };
		833D5D8719FF67E300F16199 /* LaunchScreen.xib in Resources */ = {isa = PBXBuildFile; fileRef = 833D5D8519FF67E300F16199 /* LaunchScreen.xib */; };
		833D5D9319FF67E300F16199 /* PostcardTests.swift in Sources */ = {isa = PBXBuildFile; fileRef = 833D5D9219FF67E300F16199 /* PostcardTests.swift */; };
/* End PBXBuildFile section */

/* Begin PBXContainerItemProxy section */
		833D5D8D19FF67E300F16199 /* PBXContainerItemProxy */ = {
			isa = PBXContainerItemProxy;
			containerPortal = 833D5D6F19FF67E300F16199 /* Project object */;
			proxyType = 1;
			remoteGlobalIDString = 833D5D7619FF67E300F16199;
			remoteInfo = Postcard;
		};
/* End PBXContainerItemProxy section */

/* Begin PBXFileReference section */
		833D5D7719FF67E300F16199 /* Postcard.app */ = {isa = PBXFileReference; explicitFileType = wrapper.application; includeInIndex = 0; path = Postcard.app; sourceTree = BUILT_PRODUCTS_DIR; };
		833D5D7B19FF67E300F16199 /* Info.plist */ = {isa = PBXFileReference; lastKnownFileType = text.plist.xml; path = Info.plist; sourceTree = "<group>"; };
		833D5D7C19FF67E300F16199 /* AppDelegate.swift */ = {isa = PBXFileReference; lastKnownFileType = sourcecode.swift; path = AppDelegate.swift; sourceTree = "<group>"; };
		833D5D7E19FF67E300F16199 /* ViewController.swift */ = {isa = PBXFileReference; lastKnownFileType = sourcecode.swift; path = ViewController.swift; sourceTree = "<group>"; };
		833D5D8119FF67E300F16199 /* Base */ = {isa = PBXFileReference; lastKnownFileType = file.storyboard; name = Base; path = Base.lproj/Main.storyboard; sourceTree = "<group>"; };
		833D5D8319FF67E300F16199 /* Images.xcassets */ = {isa = PBXFileReference; lastKnownFileType = folder.assetcatalog; path = Images.xcassets; sourceTree = "<group>"; };
		833D5D8619FF67E300F16199 /* Base */ = {isa = PBXFileReference; lastKnownFileType = file.xib; name = Base; path = Base.lproj/LaunchScreen.xib; sourceTree = "<group>"; };
		833D5D8C19FF67E300F16199 /* PostcardTests.xctest */ = {isa = PBXFileReference; explicitFileType = wrapper.cfbundle; includeInIndex = 0; path = PostcardTests.xctest; sourceTree = BUILT_PRODUCTS_DIR; };
		833D5D9119FF67E300F16199 /* Info.plist */ = {isa = PBXFileReference; lastKnownFileType = text.plist.xml; path = Info.plist; sourceTree = "<group>"; };
		833D5D9219FF67E300F16199 /* PostcardTests.swift */ = {isa = PBXFileReference; lastKnownFileType = sourcecode.swift; path = PostcardTests.swift; sourceTree = "<group>"; };
/* End PBXFileReference section */

/* Begin PBXFrameworksBuildPhase section */
		833D5D7419FF67E300F16199 /* Frameworks */ = {
			isa = PBXFrameworksBuildPhase;
			buildActionMask = 2147483647;
			files = (
			);
			runOnlyForDeploymentPostprocessing = 0;
		};
		833D5D8919FF67E300F16199 /* Frameworks */ = {
			isa = PBXFrameworksBuildPhase;
			buildActionMask = 2147483647;
			files = (
			);
			runOnlyForDeploymentPostprocessing = 0;
		};
/* End PBXFrameworksBuildPhase section */

/* Begin PBXGroup section */
		833D5D6E19FF67E300F16199 = {
			isa = PBXGroup;
			children = (
				833D5D7919FF67E300F16199 /* Postcard */,
				833D5D8F19FF67E300F16199 /* PostcardTests */,
				833D5D7819FF67E300F16199 /* Products */,
			);
			sourceTree = "<group>";
		};
		833D5D7819FF67E300F16199 /* Products */ = {
			isa = PBXGroup;
			children = (
				833D5D7719FF67E300F16199 /* Postcard.app */,
				833D5D8C19FF67E300F16199 /* PostcardTests.xctest */,
			);
			name = Products;
			sourceTree = "<group>";
		};
		833D5D7919FF67E300F16199 /* Postcard */ = {
			isa = PBXGroup;
			children = (
				833D5D7C19FF67E300F16199 /* AppDelegate.swift */,
				833D5D7E19FF67E300F16199 /* ViewController.swift */,
				833D5D8019FF67E300F16199 /* Main.storyboard */,
				833D5D8319FF67E300F16199 /* Images.xcassets */,
				833D5D8519FF67E300F16199 /* LaunchScreen.xib */,
				833D5D7A19FF67E300F16199 /* Supporting Files */,
			);
			path = Postcard;
			sourceTree = "<group>";
		};
		833D5D7A19FF67E300F16199 /* Supporting Files */ = {
			isa = PBXGroup;
			children = (
				833D5D7B19FF67E300F16199 /* Info.plist */,
			);
			name = "Supporting Files";
			sourceTree = "<group>";
		};
		833D5D8F19FF67E300F16199 /* PostcardTests */ = {
			isa = PBXGroup;
			children = (
				833D5D9219FF67E300F16199 /* PostcardTests.swift */,
				833D5D9019FF67E300F16199 /* Supporting Files */,
			);
			path = PostcardTests;
			sourceTree = "<group>";
		};
		833D5D9019FF67E300F16199 /* Supporting Files */ = {
			isa = PBXGroup;
			children = (
				833D5D9119FF67E300F16199 /* Info.plist */,
			);
			name = "Supporting Files";
			sourceTree = "<group>";
		};
/* End PBXGroup section */

/* Begin PBXNativeTarget section */
		833D5D7619FF67E300F16199 /* Postcard */ = {
			isa = PBXNativeTarget;
			buildConfigurationList = 833D5D9619FF67E300F16199 /* Build configuration list for PBXNativeTarget "Postcard" */;
			buildPhases = (
				833D5D7319FF67E300F16199 /* Sources */,
				833D5D7419FF67E300F16199 /* Frameworks */,
				833D5D7519FF67E300F16199 /* Resources */,
			);
			buildRules = (
			);
			dependencies = (
			);
			name = Postcard;
			productName = Postcard;
			productReference = 833D5D7719FF67E300F16199 /* Postcard.app */;
			productType = "com.apple.product-type.application";
		};
		833D5D8B19FF67E300F16199 /* PostcardTests */ = {
			isa = PBXNativeTarget;
			buildConfigurationList = 833D5D9919FF67E300F16199 /* Build configuration list for PBXNativeTarget "PostcardTests" */;
			buildPhases = (
				833D5D8819FF67E300F16199 /* Sources */,
				833D5D8919FF67E300F16199 /* Frameworks */,
				833D5D8A19FF67E300F16199 /* Resources */,
			);
			buildRules = (
			);
			dependencies = (
				833D5D8E19FF67E300F16199 /* PBXTargetDependency */,
			);
			name = PostcardTests;
			productName = PostcardTests;
			productReference = 833D5D8C19FF67E300F16199 /* PostcardTests.xctest */;
			productType = "com.apple.product-type.bundle.unit-test";
		};
/* End PBXNativeTarget section */

/* Begin PBXProject section */
		833D5D6F19FF67E300F16199 /* Project object */ = {
			isa = PBXProject;
			attributes = {
				LastUpgradeCheck = 0610;
				ORGANIZATIONNAME = CHDP;
				TargetAttributes = {
					833D5D7619FF67E300F16199 = {
						CreatedOnToolsVersion = 6.1;
					};
					833D5D8B19FF67E300F16199 = {
						CreatedOnToolsVersion = 6.1;
						TestTargetID = 833D5D7619FF67E300F16199;
					};
				};
			};
			buildConfigurationList = 833D5D7219FF67E300F16199 /* Build configuration list for PBXProject "Postcard" */;
			compatibilityVersion = "Xcode 3.2";
			developmentRegion = English;
			hasScannedForEncodings = 0;
			knownRegions = (
				en,
				Base,
			);
			mainGroup = 833D5D6E19FF67E300F16199;
			productRefGroup = 833D5D7819FF67E300F16199 /* Products */;
			projectDirPath = "";
			projectRoot = "";
			targets = (
				833D5D7619FF67E300F16199 /* Postcard */,
				833D5D8B19FF67E300F16199 /* PostcardTests */,
			);
		};
/* End PBXProject section */

/* Begin PBXResourcesBuildPhase section */
		833D5D7519FF67E300F16199 /* Resources */ = {
			isa = PBXResourcesBuildPhase;
			buildActionMask = 2147483647;
			files = (
				833D5D8219FF67E300F16199 /* Main.storyboard in Resources */,
				833D5D8719FF67E300F16199 /* LaunchScreen.xib in Resources */,
				833D5D8419FF67E300F16199 /* Images.xcassets in Resources */,
			);
			runOnlyForDeploymentPostprocessing = 0;
		};
		833D5D8A19FF67E300F16199 /* Resources */ = {
			isa = PBXResourcesBuildPhase;
			buildActionMask = 2147483647;
			files = (
			);
			runOnlyForDeploymentPostprocessing = 0;
		};
/* End PBXResourcesBuildPhase section */

/* Begin PBXSourcesBuildPhase section */
		833D5D7319FF67E300F16199 /* Sources */ = {
			isa = PBXSourcesBuildPhase;
			buildActionMask = 2147483647;
			files = (
				833D5D7F19FF67E300F16199 /* ViewController.swift in Sources */,
				833D5D7D19FF67E300F16199 /* AppDelegate.swift in Sources */,
			);
			runOnlyForDeploymentPostprocessing = 0;
		};
		833D5D8819FF67E300F16199 /* Sources */ = {
			isa = PBXSourcesBuildPhase;
			buildActionMask = 2147483647;
			files = (
				833D5D9319FF67E300F16199 /* PostcardTests.swift in Sources */,
			);
			runOnlyForDeploymentPostprocessing = 0;
		};
/* End PBXSourcesBuildPhase section */

/* Begin PBXTargetDependency section */
		833D5D8E19FF67E300F16199 /* PBXTargetDependency */ = {
			isa = PBXTargetDependency;
			target = 833D5D7619FF67E300F16199 /* Postcard */;
			targetProxy = 833D5D8D19FF67E300F16199 /* PBXContainerItemProxy */;
		};
/* End PBXTargetDependency section */

/* Begin PBXVariantGroup section */
		833D5D8019FF67E300F16199 /* Main.storyboard */ = {
			isa = PBXVariantGroup;
			children = (
				833D5D8119FF67E300F16199 /* Base */,
			);
			name = Main.storyboard;
			sourceTree = "<group>";
		};
		833D5D8519FF67E300F16199 /* LaunchScreen.xib */ = {
			isa = PBXVariantGroup;
			children = (
				833D5D8619FF67E300F16199 /* Base */,
			);
			name = LaunchScreen.xib;
			sourceTree = "<group>";
		};
/* End PBXVariantGroup section */

/* Begin XCBuildConfiguration section */
		833D5D9419FF67E300F16199 /* Debug */ = {
			isa = XCBuildConfiguration;
			buildSettings = {
				ALWAYS_SEARCH_USER_PATHS = NO;
				CLANG_CXX_LANGUAGE_STANDARD = "gnu++0x";
				CLANG_CXX_LIBRARY = "libc++";
				CLANG_ENABLE_MODULES = YES;
				CLANG_ENABLE_OBJC_ARC = YES;
				CLANG_WARN_BOOL_CONVERSION = YES;
				CLANG_WARN_CONSTANT_CONVERSION = YES;
				CLANG_WARN_DIRECT_OBJC_ISA_USAGE = YES_ERROR;
				CLANG_WARN_EMPTY_BODY = YES;
				CLANG_WARN_ENUM_CONVERSION = YES;
				CLANG_WARN_INT_CONVERSION = YES;
				CLANG_WARN_OBJC_ROOT_CLASS = YES_ERROR;
				CLANG_WARN_UNREACHABLE_CODE = YES;
				CLANG_WARN__DUPLICATE_METHOD_MATCH = YES;
				"CODE_SIGN_IDENTITY[sdk=iphoneos*]" = "iPhone Developer";
				COPY_PHASE_STRIP = NO;
				ENABLE_STRICT_OBJC_MSGSEND = YES;
				GCC_C_LANGUAGE_STANDARD = gnu99;
				GCC_DYNAMIC_NO_PIC = NO;
				GCC_OPTIMIZATION_LEVEL = 0;
				GCC_PREPROCESSOR_DEFINITIONS = (
					"DEBUG=1",
					"$(inherited)",
				);
				GCC_SYMBOLS_PRIVATE_EXTERN = NO;
				GCC_WARN_64_TO_32_BIT_CONVERSION = YES;
				GCC_WARN_ABOUT_RETURN_TYPE = YES_ERROR;
				GCC_WARN_UNDECLARED_SELECTOR = YES;
				GCC_WARN_UNINITIALIZED_AUTOS = YES_AGGRESSIVE;
				GCC_WARN_UNUSED_FUNCTION = YES;
				GCC_WARN_UNUSED_VARIABLE = YES;
				IPHONEOS_DEPLOYMENT_TARGET = 8.1;
				MTL_ENABLE_DEBUG_INFO = YES;
				ONLY_ACTIVE_ARCH = YES;
				SDKROOT = iphoneos;
				SWIFT_OPTIMIZATION_LEVEL = "-Onone";
			};
			name = Debug;
		};
		833D5D9519FF67E300F16199 /* Release */ = {
			isa = XCBuildConfiguration;
			buildSettings = {
				ALWAYS_SEARCH_USER_PATHS = NO;
				CLANG_CXX_LANGUAGE_STANDARD = "gnu++0x";
				CLANG_CXX_LIBRARY = "libc++";
				CLANG_ENABLE_MODULES = YES;
				CLANG_ENABLE_OBJC_ARC = YES;
				CLANG_WARN_BOOL_CONVERSION = YES;
				CLANG_WARN_CONSTANT_CONVERSION = YES;
				CLANG_WARN_DIRECT_OBJC_ISA_USAGE = YES_ERROR;
				CLANG_WARN_EMPTY_BODY = YES;
				CLANG_WARN_ENUM_CONVERSION = YES;
				CLANG_WARN_INT_CONVERSION = YES;
				CLANG_WARN_OBJC_ROOT_CLASS = YES_ERROR;
				CLANG_WARN_UNREACHABLE_CODE = YES;
				CLANG_WARN__DUPLICATE_METHOD_MATCH = YES;
				"CODE_SIGN_IDENTITY[sdk=iphoneos*]" = "iPhone Developer";
				COPY_PHASE_STRIP = YES;
				ENABLE_NS_ASSERTIONS = NO;
				ENABLE_STRICT_OBJC_MSGSEND = YES;
				GCC_C_LANGUAGE_STANDARD = gnu99;
				GCC_WARN_64_TO_32_BIT_CONVERSION = YES;
				GCC_WARN_ABOUT_RETURN_TYPE = YES_ERROR;
				GCC_WARN_UNDECLARED_SELECTOR = YES;
				GCC_WARN_UNINITIALIZED_AUTOS = YES_AGGRESSIVE;
				GCC_WARN_UNUSED_FUNCTION = YES;
				GCC_WARN_UNUSED_VARIABLE = YES;
				IPHONEOS_DEPLOYMENT_TARGET = 8.1;
				MTL_ENABLE_DEBUG_INFO = NO;
				SDKROOT = iphoneos;
				VALIDATE_PRODUCT = YES;
			};
			name = Release;
		};
		833D5D9719FF67E300F16199 /* Debug */ = {
			isa = XCBuildConfiguration;
			buildSettings = {
				ASSETCATALOG_COMPILER_APPICON_NAME = AppIcon;
				INFOPLIST_FILE = Postcard/Info.plist;
				LD_RUNPATH_SEARCH_PATHS = "$(inherited) @executable_path/Frameworks";
				PRODUCT_NAME = "$(TARGET_NAME)";
			};
			name = Debug;
		};
		833D5D9819FF67E300F16199 /* Release */ = {
			isa = XCBuildConfiguration;
			buildSettings = {
				ASSETCATALOG_COMPILER_APPICON_NAME = AppIcon;
				INFOPLIST_FILE = Postcard/Info.plist;
				LD_RUNPATH_SEARCH_PATHS = "$(inherited) @executable_path/Frameworks";
				PRODUCT_NAME = "$(TARGET_NAME)";
			};
			name = Release;
		};
		833D5D9A19FF67E300F16199 /* Debug */ = {
			isa = XCBuildConfiguration;
			buildSettings = {
				BUNDLE_LOADER = "$(TEST_HOST)";
				FRAMEWORK_SEARCH_PATHS = (
					"$(SDKROOT)/Developer/Library/Frameworks",
					"$(inherited)",
				);
				GCC_PREPROCESSOR_DEFINITIONS = (
					"DEBUG=1",
					"$(inherited)",
				);
				INFOPLIST_FILE = PostcardTests/Info.plist;
				LD_RUNPATH_SEARCH_PATHS = "$(inherited) @executable_path/Frameworks @loader_path/Frameworks";
				PRODUCT_NAME = "$(TARGET_NAME)";
				TEST_HOST = "$(BUILT_PRODUCTS_DIR)/Postcard.app/Postcard";
			};
			name = Debug;
		};
		833D5D9B19FF67E300F16199 /* Release */ = {
			isa = XCBuildConfiguration;
			buildSettings = {
				BUNDLE_LOADER = "$(TEST_HOST)";
				FRAMEWORK_SEARCH_PATHS = (
					"$(SDKROOT)/Developer/Library/Frameworks",
					"$(inherited)",
				);
				INFOPLIST_FILE = PostcardTests/Info.plist;
				LD_RUNPATH_SEARCH_PATHS = "$(inherited) @executable_path/Frameworks @loader_path/Frameworks";
				PRODUCT_NAME = "$(TARGET_NAME)";
				TEST_HOST = "$(BUILT_PRODUCTS_DIR)/Postcard.app/Postcard";
			};
			name = Release;
		};
/* End XCBuildConfiguration section */

/* Begin XCConfigurationList section */
		833D5D7219FF67E300F16199 /* Build configuration list for PBXProject "Postcard" */ = {
			isa = XCConfigurationList;
			buildConfigurations = (
				833D5D9419FF67E300F16199 /* Debug */,
				833D5D9519FF67E300F16199 /* Release */,
			);
			defaultConfigurationIsVisible = 0;
			defaultConfigurationName = Release;
		};
		833D5D9619FF67E300F16199 /* Build configuration list for PBXNativeTarget "Postcard" */ = {
			isa = XCConfigurationList;
			buildConfigurations = (
				833D5D9719FF67E300F16199 /* Debug */,
				833D5D9819FF67E300F16199 /* Release */,
			);
			defaultConfigurationIsVisible = 0;
		};
		833D5D9919FF67E300F16199 /* Build configuration list for PBXNativeTarget "PostcardTests" */ = {
			isa = XCConfigurationList;
			buildConfigurations = (
				833D5D9A19FF67E300F16199 /* Debug */,
				833D5D9B19FF67E300F16199 /* Release */,
			);
			defaultConfigurationIsVisible = 0;
		};
/* End XCConfigurationList section */
	};
	rootObject = 833D5D6F19FF67E300F16199 /* Project object */;
}
